{
  "name": "tixl-discord-bot",
  "version": "1.0.0",
  "lockfileVersion": 1,
  "requires": true,
  "dependencies": {
    "@sentry/apm": {
      "version": "5.12.4",
      "resolved": "https://registry.npmjs.org/@sentry/apm/-/apm-5.12.4.tgz",
      "integrity": "sha512-CpoGSPtZg1+9bDstnFReNQ80sgaxmacgYxoCafD++cQ61GxjM6oGl9TlTDGUwMHpFiTZHWIsswxEwD1Y1PWukw==",
      "requires": {
        "@sentry/browser": "5.12.4",
        "@sentry/hub": "5.12.4",
        "@sentry/minimal": "5.12.4",
        "@sentry/types": "5.12.4",
        "@sentry/utils": "5.12.4",
        "tslib": "^1.9.3"
      }
    },
    "@sentry/browser": {
      "version": "5.12.4",
      "resolved": "https://registry.npmjs.org/@sentry/browser/-/browser-5.12.4.tgz",
      "integrity": "sha512-D74LtB9sevPpYgczYsbKTcx7IdCxHPuv5JxD9YQfzNmpCzBiwlUGqr3u03SdVOwmdVrzfRLjxO+vYPe071zjbA==",
      "requires": {
        "@sentry/core": "5.12.4",
        "@sentry/types": "5.12.4",
        "@sentry/utils": "5.12.4",
        "tslib": "^1.9.3"
      }
    },
    "@sentry/core": {
      "version": "5.12.4",
      "resolved": "https://registry.npmjs.org/@sentry/core/-/core-5.12.4.tgz",
      "integrity": "sha512-n4ZQxqq78GhYMeY2hiP0pn9Z+/2/yNfXwxnh4o59qagD/NfUe5wj4l8cwMvzFn5I7gy0xmUp3BkJrwsZlAYfUw==",
      "requires": {
        "@sentry/hub": "5.12.4",
        "@sentry/minimal": "5.12.4",
        "@sentry/types": "5.12.4",
        "@sentry/utils": "5.12.4",
        "tslib": "^1.9.3"
      }
    },
    "@sentry/hub": {
      "version": "5.12.4",
      "resolved": "https://registry.npmjs.org/@sentry/hub/-/hub-5.12.4.tgz",
      "integrity": "sha512-x0IGqTXgjRQrrLbjkjYa2qbwSa6dFejM3F29cpwjD7yp87MVkmDy/S7LwFFsjThOzsHXsjQxmPlQB8nu4sIOXw==",
      "requires": {
        "@sentry/types": "5.12.4",
        "@sentry/utils": "5.12.4",
        "tslib": "^1.9.3"
      }
    },
    "@sentry/minimal": {
      "version": "5.12.4",
      "resolved": "https://registry.npmjs.org/@sentry/minimal/-/minimal-5.12.4.tgz",
      "integrity": "sha512-/cDkibXPIXYjboMZ4nSytJmpR/QIT1d0i9qxqlZh4vwsb2mrGdU9KxNvR6G3AXTQNybehm6TGewPo8rGz1GJQQ==",
      "requires": {
        "@sentry/hub": "5.12.4",
        "@sentry/types": "5.12.4",
        "tslib": "^1.9.3"
      }
    },
    "@sentry/node": {
      "version": "5.12.4",
      "resolved": "https://registry.npmjs.org/@sentry/node/-/node-5.12.4.tgz",
      "integrity": "sha512-X8UxFt6g/MBAgy9OQL7arg2+r0l9Rr6iqDQmW+U32G50Dy3uh8i0U6zwMLUh2twNeQqsMldqXGacw2qxnOEVSQ==",
      "requires": {
        "@sentry/apm": "5.12.4",
        "@sentry/core": "5.12.4",
        "@sentry/hub": "5.12.4",
        "@sentry/types": "5.12.4",
        "@sentry/utils": "5.12.4",
        "cookie": "^0.3.1",
        "https-proxy-agent": "^4.0.0",
        "lru_map": "^0.3.3",
        "tslib": "^1.9.3"
      }
    },
    "@sentry/types": {
      "version": "5.12.4",
      "resolved": "https://registry.npmjs.org/@sentry/types/-/types-5.12.4.tgz",
      "integrity": "sha512-JoN3YIp7Z+uxUZArj2B6NcEoXFQDhd0kqO0QpfiHZyg4Dhx2/E2aHuVx0H6Fndk+60iEZSECaCBXe2MOPo4fqA=="
    },
    "@sentry/utils": {
      "version": "5.12.4",
      "resolved": "https://registry.npmjs.org/@sentry/utils/-/utils-5.12.4.tgz",
      "integrity": "sha512-7ISjK+AH676NXtW5n2/MHxEPS0Y2cpIXqJppg7ReVvCFNKHGovKmK4d5yXcP+AoEJt84in3A8D5Y3BONdpjWHQ==",
      "requires": {
        "@sentry/types": "5.12.4",
        "tslib": "^1.9.3"
      }
    },
    "agent-base": {
      "version": "5.1.1",
      "resolved": "https://registry.npmjs.org/agent-base/-/agent-base-5.1.1.tgz",
      "integrity": "sha512-TMeqbNl2fMW0nMjTEPOwe3J/PRFP4vqeoNuQMG0HlMrtm5QxKqdvAkZ1pRBQ/ulIyDD5Yq0nJ7YbdD8ey0TO3g=="
    },
    "async-limiter": {
      "version": "1.0.1",
      "resolved": "https://registry.npmjs.org/async-limiter/-/async-limiter-1.0.1.tgz",
      "integrity": "sha512-csOlWGAcRFJaI6m+F2WKdnMKr4HhdhFVBk0H/QbJFMCr+uO2kwohwXQPxw/9OCxp05r5ghVBFSyioixx3gfkNQ=="
    },
    "axios": {
      "version": "0.19.2",
      "resolved": "https://registry.npmjs.org/axios/-/axios-0.19.2.tgz",
      "integrity": "sha512-fjgm5MvRHLhx+osE2xoekY70AhARk3a6hkN+3Io1jc00jtquGvxYlKlsFUhmUET0V5te6CcZI7lcv2Ym61mjHA==",
      "requires": {
        "follow-redirects": "1.5.10"
      }
    },
    "cookie": {
      "version": "0.3.1",
      "resolved": "https://registry.npmjs.org/cookie/-/cookie-0.3.1.tgz",
      "integrity": "sha1-5+Ch+e9DtMi6klxcWpboBtFoc7s="
    },
    "debug": {
      "version": "4.1.1",
      "resolved": "https://registry.npmjs.org/debug/-/debug-4.1.1.tgz",
      "integrity": "sha512-pYAIzeRo8J6KPEaJ0VWOh5Pzkbw/RetuzehGM7QRRX5he4fPHx2rdKMB256ehJCkX+XRQm16eZLqLNS8RSZXZw==",
      "requires": {
        "ms": "^2.1.1"
      }
    },
    "discord.js": {
      "version": "11.5.1",
      "resolved": "https://registry.npmjs.org/discord.js/-/discord.js-11.5.1.tgz",
      "integrity": "sha512-tGhV5xaZXE3Z+4uXJb3hYM6gQ1NmnSxp9PClcsSAYFVRzH6AJH74040mO3afPDMWEAlj8XsoPXXTJHTxesqcGw==",
      "requires": {
        "long": "^4.0.0",
        "prism-media": "^0.0.3",
        "snekfetch": "^3.6.4",
        "tweetnacl": "^1.0.0",
        "ws": "^6.0.0"
      }
    },
    "follow-redirects": {
      "version": "1.5.10",
      "resolved": "https://registry.npmjs.org/follow-redirects/-/follow-redirects-1.5.10.tgz",
      "integrity": "sha512-0V5l4Cizzvqt5D44aTXbFZz+FtyXV1vrDN6qrelxtfYQKW0KO0W2T/hkE8xvGa/540LkZlkaUjO4ailYTFtHVQ==",
      "requires": {
        "debug": "=3.1.0"
      },
      "dependencies": {
        "debug": {
          "version": "3.1.0",
          "resolved": "https://registry.npmjs.org/debug/-/debug-3.1.0.tgz",
          "integrity": "sha512-OX8XqP7/1a9cqkxYw2yXss15f26NKWBpDXQd0/uK/KPqdQhxbPa994hnzjcE2VqQpDslf55723cKPUOGSmMY3g==",
          "requires": {
            "ms": "2.0.0"
          }
        },
        "ms": {
          "version": "2.0.0",
          "resolved": "https://registry.npmjs.org/ms/-/ms-2.0.0.tgz",
          "integrity": "sha1-VgiurfwAvmwpAd9fmGF4jeDVl8g="
        }
      }
    },
    "get-json": {
      "version": "1.0.1",
      "resolved": "https://registry.npmjs.org/get-json/-/get-json-1.0.1.tgz",
      "integrity": "sha512-buUOE2bLaxIsF6zGIrwvsTVlvgU85qwAWf0Hgq/EJBBoSssUqOauXWKpsh4wgPdTlZHEVllLtphiuIzFM4UEHQ==",
      "requires": {
        "is-node": "0.0.0",
        "jsonp": "0.0.4",
        "phin": "^2.2.6"
      }
    },
    "https-proxy-agent": {
      "version": "4.0.0",
      "resolved": "https://registry.npmjs.org/https-proxy-agent/-/https-proxy-agent-4.0.0.tgz",
      "integrity": "sha512-zoDhWrkR3of1l9QAL8/scJZyLu8j/gBkcwcaQOZh7Gyh/+uJQzGVETdgT30akuwkpL8HTRfssqI3BZuV18teDg==",
      "requires": {
        "agent-base": "5",
        "debug": "4"
      }
    },
    "is-node": {
      "version": "0.0.0",
      "resolved": "https://registry.npmjs.org/is-node/-/is-node-0.0.0.tgz",
      "integrity": "sha1-h91lC4f7ajnFDKr+4On2g17BXkE="
    },
    "jsonp": {
      "version": "0.0.4",
      "resolved": "https://registry.npmjs.org/jsonp/-/jsonp-0.0.4.tgz",
      "integrity": "sha1-lGZaS3caq+y4qshBNbmVlHVpGL0=",
      "requires": {
        "debug": "*"
      }
    },
    "long": {
      "version": "4.0.0",
      "resolved": "https://registry.npmjs.org/long/-/long-4.0.0.tgz",
      "integrity": "sha512-XsP+KhQif4bjX1kbuSiySJFNAehNxgLb6hPRGJ9QsUr8ajHkuXGdrHmFUTUUXhDwVX2R5bY4JNZEwbUiMhV+MA=="
    },
    "lru_map": {
      "version": "0.3.3",
      "resolved": "https://registry.npmjs.org/lru_map/-/lru_map-0.3.3.tgz",
      "integrity": "sha1-tcg1G5Rky9dQM1p5ZQoOwOVhGN0="
    },
    "ms": {
      "version": "2.1.2",
      "resolved": "https://registry.npmjs.org/ms/-/ms-2.1.2.tgz",
      "integrity": "sha512-sGkPx+VjMtmA6MX27oA4FBFELFCZZ4S4XqeGOXCv68tT+jb3vk/RyaKWP0PTKyWtmLSM0b+adUTEvbs1PEaH2w=="
    },
    "phin": {
      "version": "2.9.3",
      "resolved": "https://registry.npmjs.org/phin/-/phin-2.9.3.tgz",
      "integrity": "sha512-CzFr90qM24ju5f88quFC/6qohjC144rehe5n6DH900lgXmUe86+xCKc10ev56gRKC4/BkHUoG4uSiQgBiIXwDA=="
    },
    "prism-media": {
      "version": "0.0.3",
      "resolved": "https://registry.npmjs.org/prism-media/-/prism-media-0.0.3.tgz",
      "integrity": "sha512-c9KkNifSMU/iXT8FFTaBwBMr+rdVcN+H/uNv1o+CuFeTThNZNTOrQ+RgXA1yL/DeLk098duAeRPP3QNPNbhxYQ=="
    },
    "snekfetch": {
      "version": "3.6.4",
      "resolved": "https://registry.npmjs.org/snekfetch/-/snekfetch-3.6.4.tgz",
      "integrity": "sha512-NjxjITIj04Ffqid5lqr7XdgwM7X61c/Dns073Ly170bPQHLm6jkmelye/eglS++1nfTWktpP6Y2bFXjdPlQqdw=="
    },
    "tslib": {
      "version": "1.11.0",
      "resolved": "https://registry.npmjs.org/tslib/-/tslib-1.11.0.tgz",
      "integrity": "sha512-BmndXUtiTn/VDDrJzQE7Mm22Ix3PxgLltW9bSNLoeCY31gnG2OPx0QqJnuc9oMIKioYrz487i6K9o4Pdn0j+Kg=="
    },
    "tweetnacl": {
      "version": "1.0.3",
      "resolved": "https://registry.npmjs.org/tweetnacl/-/tweetnacl-1.0.3.tgz",
      "integrity": "sha512-6rt+RN7aOi1nGMyC4Xa5DdYiukl2UWCbcJft7YhxReBGQD7OAM8Pbxw6YMo4r2diNEA8FEmu32YOn9rhaiE5yw=="
    },
    "ws": {
      "version": "6.2.1",
      "resolved": "https://registry.npmjs.org/ws/-/ws-6.2.1.tgz",
      "integrity": "sha512-GIyAXC2cB7LjvpgMt9EKS2ldqr0MTrORaleiOno6TweZ6r3TKtoFQWay/2PceJ3RuBasOHzXNn5Lrw1X0bEjqA==",
      "requires": {
        "async-limiter": "~1.0.0"
      }
    }
  }
}
