{
  "name": "tixl-discord-bot",
  "version": "1.0.0",
  "lockfileVersion": 1,
  "requires": true,
  "dependencies": {
    "@discordjs/uws": {
      "version": "10.149.0",
      "resolved": "https://registry.npmjs.org/@discordjs/uws/-/uws-10.149.0.tgz",
      "integrity": "sha512-N1wjoAD2DOgzevqzyTOWTgyO2divX03JWNQx4JHm/jQ/BRzZNkhwVRO3RC5Guww+srdgs4Tw4gwrzlJrlOhq/Q=="
    },
    "@ethersproject/abi": {
      "version": "5.0.9",
      "resolved": "https://registry.npmjs.org/@ethersproject/abi/-/abi-5.0.9.tgz",
      "integrity": "sha512-ily2OufA2DTrxkiHQw5GqbkMSnNKuwZBqKsajtT0ERhZy1r9w2CpW1bmtRMIGzaqQxCdn/GEoFogexk72cBBZQ==",
      "requires": {
        "@ethersproject/address": "^5.0.4",
        "@ethersproject/bignumber": "^5.0.7",
        "@ethersproject/bytes": "^5.0.4",
        "@ethersproject/constants": "^5.0.4",
        "@ethersproject/hash": "^5.0.4",
        "@ethersproject/keccak256": "^5.0.3",
        "@ethersproject/logger": "^5.0.5",
        "@ethersproject/properties": "^5.0.3",
        "@ethersproject/strings": "^5.0.4"
      }
    },
    "@ethersproject/abstract-provider": {
      "version": "5.0.7",
      "resolved": "https://registry.npmjs.org/@ethersproject/abstract-provider/-/abstract-provider-5.0.7.tgz",
      "integrity": "sha512-NF16JGn6M0zZP5ZS8KtDL2Rh7yHxZbUjBIHLNHMm/0X0BephhjUWy8jqs/Zks6kDJRzNthgmPVy41Ec0RYWPYA==",
      "requires": {
        "@ethersproject/bignumber": "^5.0.7",
        "@ethersproject/bytes": "^5.0.4",
        "@ethersproject/logger": "^5.0.5",
        "@ethersproject/networks": "^5.0.3",
        "@ethersproject/properties": "^5.0.3",
        "@ethersproject/transactions": "^5.0.5",
        "@ethersproject/web": "^5.0.6"
      }
    },
    "@ethersproject/abstract-signer": {
      "version": "5.0.9",
      "resolved": "https://registry.npmjs.org/@ethersproject/abstract-signer/-/abstract-signer-5.0.9.tgz",
      "integrity": "sha512-CM5UNmXQaA03MyYARFDDRjHWBxujO41tVle7glf5kHcQsDDULgqSVpkliLJMtPzZjOKFeCVZBHybTZDEZg5zzg==",
      "requires": {
        "@ethersproject/abstract-provider": "^5.0.4",
        "@ethersproject/bignumber": "^5.0.7",
        "@ethersproject/bytes": "^5.0.4",
        "@ethersproject/logger": "^5.0.5",
        "@ethersproject/properties": "^5.0.3"
      }
    },
    "@ethersproject/address": {
      "version": "5.0.8",
      "resolved": "https://registry.npmjs.org/@ethersproject/address/-/address-5.0.8.tgz",
      "integrity": "sha512-V87DHiZMZR6hmFYmoGaHex0D53UEbZpW75uj8AqPbjYUmi65RB4N2LPRcJXuWuN2R0Y2CxkvW6ArijWychr5FA==",
      "requires": {
        "@ethersproject/bignumber": "^5.0.10",
        "@ethersproject/bytes": "^5.0.4",
        "@ethersproject/keccak256": "^5.0.3",
        "@ethersproject/logger": "^5.0.5",
        "@ethersproject/rlp": "^5.0.3"
      }
    },
    "@ethersproject/base64": {
      "version": "5.0.6",
      "resolved": "https://registry.npmjs.org/@ethersproject/base64/-/base64-5.0.6.tgz",
      "integrity": "sha512-HwrGn8YMiUf7bcdVvB4NJ+eWT0BtEFpDtrYxVXEbR7p/XBSJjwiR7DEggIiRvxbualMKg+EZijQWJ3az2li0uw==",
      "requires": {
        "@ethersproject/bytes": "^5.0.4"
      }
    },
    "@ethersproject/basex": {
      "version": "5.0.6",
      "resolved": "https://registry.npmjs.org/@ethersproject/basex/-/basex-5.0.6.tgz",
      "integrity": "sha512-Y/8dowRxBF3bsKkqEp7XN4kcFFQ0o5xxP1YyopfqkXejaOEGiD7ToQdQ0pIZpAJ5GreW56oFOTDDSO6ZcUCNYg==",
      "requires": {
        "@ethersproject/bytes": "^5.0.4",
        "@ethersproject/properties": "^5.0.3"
      }
    },
    "@ethersproject/bignumber": {
      "version": "5.0.12",
      "resolved": "https://registry.npmjs.org/@ethersproject/bignumber/-/bignumber-5.0.12.tgz",
      "integrity": "sha512-mbFZjwthx6vFlHG9owXP/C5QkNvsA+xHpDCkPPPdG2n1dS9AmZAL5DI0InNLid60rQWL3MXpEl19tFmtL7Q9jw==",
      "requires": {
        "@ethersproject/bytes": "^5.0.8",
        "@ethersproject/logger": "^5.0.5",
        "bn.js": "^4.4.0"
      }
    },
    "@ethersproject/bytes": {
      "version": "5.0.8",
      "resolved": "https://registry.npmjs.org/@ethersproject/bytes/-/bytes-5.0.8.tgz",
      "integrity": "sha512-O+sJNVGzzuy51g+EMK8BegomqNIg+C2RO6vOt0XP6ac4o4saiq69FnjlsrNslaiMFVO7qcEHBsWJ9hx1tj1lMw==",
      "requires": {
        "@ethersproject/logger": "^5.0.5"
      }
    },
    "@ethersproject/constants": {
      "version": "5.0.7",
      "resolved": "https://registry.npmjs.org/@ethersproject/constants/-/constants-5.0.7.tgz",
      "integrity": "sha512-cbQK1UpE4hamB52Eg6DLhJoXeQ1plSzekh5Ujir1xdREdwdsZPPXKczkrWqBBR0KyywJZHN/o/hj0w8j7scSGg==",
      "requires": {
        "@ethersproject/bignumber": "^5.0.7"
      }
    },
    "@ethersproject/contracts": {
      "version": "5.0.8",
      "resolved": "https://registry.npmjs.org/@ethersproject/contracts/-/contracts-5.0.8.tgz",
      "integrity": "sha512-PecBL4vnsrpuks2lzzkRsOts8csJy338HNDKDIivbFmx92BVzh3ohOOv3XsoYPSXIHQvobF959W+aSk3RCZL/g==",
      "requires": {
        "@ethersproject/abi": "^5.0.5",
        "@ethersproject/abstract-provider": "^5.0.4",
        "@ethersproject/abstract-signer": "^5.0.4",
        "@ethersproject/address": "^5.0.4",
        "@ethersproject/bignumber": "^5.0.7",
        "@ethersproject/bytes": "^5.0.4",
        "@ethersproject/constants": "^5.0.4",
        "@ethersproject/logger": "^5.0.5",
        "@ethersproject/properties": "^5.0.3"
      }
    },
    "@ethersproject/hash": {
      "version": "5.0.8",
      "resolved": "https://registry.npmjs.org/@ethersproject/hash/-/hash-5.0.8.tgz",
      "integrity": "sha512-Qay01tcFyFreYjSMt82rOQGMfQDmLm1sj3iNNO1BhrVf840xgBZuJ7gBATERzAjTuTCHUHw9BuGwxErJUS95yg==",
      "requires": {
        "@ethersproject/abstract-signer": "^5.0.6",
        "@ethersproject/address": "^5.0.5",
        "@ethersproject/bignumber": "^5.0.8",
        "@ethersproject/bytes": "^5.0.4",
        "@ethersproject/keccak256": "^5.0.3",
        "@ethersproject/logger": "^5.0.5",
        "@ethersproject/properties": "^5.0.4",
        "@ethersproject/strings": "^5.0.4"
      }
    },
    "@ethersproject/keccak256": {
      "version": "5.0.6",
      "resolved": "https://registry.npmjs.org/@ethersproject/keccak256/-/keccak256-5.0.6.tgz",
      "integrity": "sha512-eJ4Id/i2rwrf5JXEA7a12bG1phuxjj47mPZgDUbttuNBodhSuZF2nEO5QdpaRjmlphQ8Kt9PNqY/z7lhtJptZg==",
      "requires": {
        "@ethersproject/bytes": "^5.0.4",
        "js-sha3": "0.5.7"
      }
    },
    "@ethersproject/logger": {
      "version": "5.0.8",
      "resolved": "https://registry.npmjs.org/@ethersproject/logger/-/logger-5.0.8.tgz",
      "integrity": "sha512-SkJCTaVTnaZ3/ieLF5pVftxGEFX56pTH+f2Slrpv7cU0TNpUZNib84QQdukd++sWUp/S7j5t5NW+WegbXd4U/A=="
    },
    "@ethersproject/networks": {
      "version": "5.0.6",
      "resolved": "https://registry.npmjs.org/@ethersproject/networks/-/networks-5.0.6.tgz",
      "integrity": "sha512-2Cg1N5109zzFOBfkyuPj+FfF7ioqAsRffmybJ2lrsiB5skphIAE72XNSCs4fqktlf+rwSh/5o/UXRjXxvSktZw==",
      "requires": {
        "@ethersproject/logger": "^5.0.5"
      }
    },
    "@ethersproject/properties": {
      "version": "5.0.6",
      "resolved": "https://registry.npmjs.org/@ethersproject/properties/-/properties-5.0.6.tgz",
      "integrity": "sha512-a9DUMizYhJ0TbtuDkO9iYlb2CDlpSKqGPDr+amvlZhRspQ6jbl5Eq8jfu4SCcGlcfaTbguJmqGnyOGn1EFt6xA==",
      "requires": {
        "@ethersproject/logger": "^5.0.5"
      }
    },
    "@ethersproject/providers": {
      "version": "5.0.17",
      "resolved": "https://registry.npmjs.org/@ethersproject/providers/-/providers-5.0.17.tgz",
      "integrity": "sha512-bJnvs5X7ttU5x2ekGJYG7R3Z+spZawLFfR0IDsbaMDLiCwZOyrgk+VTBU7amSFLT0WUhWFv8WwSUB+AryCQG1Q==",
      "requires": {
        "@ethersproject/abstract-provider": "^5.0.4",
        "@ethersproject/abstract-signer": "^5.0.4",
        "@ethersproject/address": "^5.0.4",
        "@ethersproject/basex": "^5.0.3",
        "@ethersproject/bignumber": "^5.0.7",
        "@ethersproject/bytes": "^5.0.4",
        "@ethersproject/constants": "^5.0.4",
        "@ethersproject/hash": "^5.0.4",
        "@ethersproject/logger": "^5.0.5",
        "@ethersproject/networks": "^5.0.3",
        "@ethersproject/properties": "^5.0.3",
        "@ethersproject/random": "^5.0.3",
        "@ethersproject/rlp": "^5.0.3",
        "@ethersproject/sha2": "^5.0.3",
        "@ethersproject/strings": "^5.0.4",
        "@ethersproject/transactions": "^5.0.5",
        "@ethersproject/web": "^5.0.6",
        "bech32": "1.1.4",
        "ws": "7.2.3"
      }
    },
    "@ethersproject/random": {
      "version": "5.0.6",
      "resolved": "https://registry.npmjs.org/@ethersproject/random/-/random-5.0.6.tgz",
      "integrity": "sha512-8nsVNaZvZ9OD5NXfzE4mmz8IH/1DYJbAR95xpRxZkIuNmfn6QlMp49ccJYZWGhs6m0Zj2+FXjx3pzXfYlo9/dA==",
      "requires": {
        "@ethersproject/bytes": "^5.0.4",
        "@ethersproject/logger": "^5.0.5"
      }
    },
    "@ethersproject/rlp": {
      "version": "5.0.6",
      "resolved": "https://registry.npmjs.org/@ethersproject/rlp/-/rlp-5.0.6.tgz",
      "integrity": "sha512-M223MTaydfmQSsvqAl0FJZDYFlSqt6cgbhnssLDwqCKYegAHE16vrFyo+eiOapYlt32XAIJm0BXlqSunULzZuQ==",
      "requires": {
        "@ethersproject/bytes": "^5.0.4",
        "@ethersproject/logger": "^5.0.5"
      }
    },
    "@ethersproject/sha2": {
      "version": "5.0.6",
      "resolved": "https://registry.npmjs.org/@ethersproject/sha2/-/sha2-5.0.6.tgz",
      "integrity": "sha512-30gypDLkfkP5gE3llqi0jEuRV8m4/nvzeqmqMxiihZ7veFQHqDaGpyFeHzFim+qGeH9fq0lgYjavLvwW69+Fkw==",
      "requires": {
        "@ethersproject/bytes": "^5.0.4",
        "@ethersproject/logger": "^5.0.5",
        "hash.js": "1.1.3"
      },
      "dependencies": {
        "hash.js": {
          "version": "1.1.3",
          "resolved": "https://registry.npmjs.org/hash.js/-/hash.js-1.1.3.tgz",
          "integrity": "sha512-/UETyP0W22QILqS+6HowevwhEFJ3MBJnwTf75Qob9Wz9t0DPuisL8kW8YZMK62dHAKE1c1p+gY1TtOLY+USEHA==",
          "requires": {
            "inherits": "^2.0.3",
            "minimalistic-assert": "^1.0.0"
          }
        }
      }
    },
    "@ethersproject/signing-key": {
      "version": "5.0.7",
      "resolved": "https://registry.npmjs.org/@ethersproject/signing-key/-/signing-key-5.0.7.tgz",
      "integrity": "sha512-JYndnhFPKH0daPcIjyhi+GMcw3srIHkQ40hGRe6DA0CdGrpMfgyfSYDQ2D8HL2lgR+Xm4SHfEB0qba6+sCyrvg==",
      "requires": {
        "@ethersproject/bytes": "^5.0.4",
        "@ethersproject/logger": "^5.0.5",
        "@ethersproject/properties": "^5.0.3",
        "elliptic": "6.5.3"
      }
    },
    "@ethersproject/solidity": {
      "version": "5.0.7",
      "resolved": "https://registry.npmjs.org/@ethersproject/solidity/-/solidity-5.0.7.tgz",
      "integrity": "sha512-dUevKUZ06p/VMLP/+cz4QUV+lA17NixucDJfm0ioWF0B3R0Lf+6wqwPchcqiAXlxkNFGIax7WNLgGMh4CkQ8iw==",
      "requires": {
        "@ethersproject/bignumber": "^5.0.7",
        "@ethersproject/bytes": "^5.0.4",
        "@ethersproject/keccak256": "^5.0.3",
        "@ethersproject/sha2": "^5.0.3",
        "@ethersproject/strings": "^5.0.4"
      }
    },
    "@ethersproject/strings": {
      "version": "5.0.7",
      "resolved": "https://registry.npmjs.org/@ethersproject/strings/-/strings-5.0.7.tgz",
      "integrity": "sha512-a+6T80LvmXGMOOWQTZHtGGQEg1z4v8rm8oX70KNs55YtPXI/5J3LBbVf5pyqCKSlmiBw5IaepPvs5XGalRUSZQ==",
      "requires": {
        "@ethersproject/bytes": "^5.0.4",
        "@ethersproject/constants": "^5.0.4",
        "@ethersproject/logger": "^5.0.5"
      }
    },
    "@ethersproject/transactions": {
      "version": "5.0.8",
      "resolved": "https://registry.npmjs.org/@ethersproject/transactions/-/transactions-5.0.8.tgz",
      "integrity": "sha512-i7NtOXVzUe+YSU6QufzlRrI2WzHaTmULAKHJv4duIZMLqzehCBXGA9lTpFgFdqGYcQJ7vOtNFC2BB2mSjmuXqg==",
      "requires": {
        "@ethersproject/address": "^5.0.4",
        "@ethersproject/bignumber": "^5.0.7",
        "@ethersproject/bytes": "^5.0.4",
        "@ethersproject/constants": "^5.0.4",
        "@ethersproject/keccak256": "^5.0.3",
        "@ethersproject/logger": "^5.0.5",
        "@ethersproject/properties": "^5.0.3",
        "@ethersproject/rlp": "^5.0.3",
        "@ethersproject/signing-key": "^5.0.4"
      }
    },
    "@ethersproject/web": {
      "version": "5.0.11",
      "resolved": "https://registry.npmjs.org/@ethersproject/web/-/web-5.0.11.tgz",
      "integrity": "sha512-x03ihbPoN1S8Gsh9WSwxkYxUIumLi02ZEKJku1C43sxBfe+mdprWyvujzYlpuoRNfWRgNhdRDKMP8JbG6MwNGA==",
      "requires": {
        "@ethersproject/base64": "^5.0.3",
        "@ethersproject/bytes": "^5.0.4",
        "@ethersproject/logger": "^5.0.5",
        "@ethersproject/properties": "^5.0.3",
        "@ethersproject/strings": "^5.0.4"
      }
    },
    "@sentry/apm": {
      "version": "5.12.4",
      "resolved": "https://registry.npmjs.org/@sentry/apm/-/apm-5.12.4.tgz",
      "integrity": "sha512-CpoGSPtZg1+9bDstnFReNQ80sgaxmacgYxoCafD++cQ61GxjM6oGl9TlTDGUwMHpFiTZHWIsswxEwD1Y1PWukw==",
      "requires": {
        "@sentry/browser": "5.12.4",
        "@sentry/hub": "5.12.4",
        "@sentry/minimal": "5.12.4",
        "@sentry/types": "5.12.4",
        "@sentry/utils": "5.12.4",
        "tslib": "^1.9.3"
      }
    },
    "@sentry/browser": {
      "version": "5.12.4",
      "resolved": "https://registry.npmjs.org/@sentry/browser/-/browser-5.12.4.tgz",
      "integrity": "sha512-D74LtB9sevPpYgczYsbKTcx7IdCxHPuv5JxD9YQfzNmpCzBiwlUGqr3u03SdVOwmdVrzfRLjxO+vYPe071zjbA==",
      "requires": {
        "@sentry/core": "5.12.4",
        "@sentry/types": "5.12.4",
        "@sentry/utils": "5.12.4",
        "tslib": "^1.9.3"
      }
    },
    "@sentry/core": {
      "version": "5.12.4",
      "resolved": "https://registry.npmjs.org/@sentry/core/-/core-5.12.4.tgz",
      "integrity": "sha512-n4ZQxqq78GhYMeY2hiP0pn9Z+/2/yNfXwxnh4o59qagD/NfUe5wj4l8cwMvzFn5I7gy0xmUp3BkJrwsZlAYfUw==",
      "requires": {
        "@sentry/hub": "5.12.4",
        "@sentry/minimal": "5.12.4",
        "@sentry/types": "5.12.4",
        "@sentry/utils": "5.12.4",
        "tslib": "^1.9.3"
      }
    },
    "@sentry/hub": {
      "version": "5.12.4",
      "resolved": "https://registry.npmjs.org/@sentry/hub/-/hub-5.12.4.tgz",
      "integrity": "sha512-x0IGqTXgjRQrrLbjkjYa2qbwSa6dFejM3F29cpwjD7yp87MVkmDy/S7LwFFsjThOzsHXsjQxmPlQB8nu4sIOXw==",
      "requires": {
        "@sentry/types": "5.12.4",
        "@sentry/utils": "5.12.4",
        "tslib": "^1.9.3"
      }
    },
    "@sentry/minimal": {
      "version": "5.12.4",
      "resolved": "https://registry.npmjs.org/@sentry/minimal/-/minimal-5.12.4.tgz",
      "integrity": "sha512-/cDkibXPIXYjboMZ4nSytJmpR/QIT1d0i9qxqlZh4vwsb2mrGdU9KxNvR6G3AXTQNybehm6TGewPo8rGz1GJQQ==",
      "requires": {
        "@sentry/hub": "5.12.4",
        "@sentry/types": "5.12.4",
        "tslib": "^1.9.3"
      }
    },
    "@sentry/node": {
      "version": "5.12.4",
      "resolved": "https://registry.npmjs.org/@sentry/node/-/node-5.12.4.tgz",
      "integrity": "sha512-X8UxFt6g/MBAgy9OQL7arg2+r0l9Rr6iqDQmW+U32G50Dy3uh8i0U6zwMLUh2twNeQqsMldqXGacw2qxnOEVSQ==",
      "requires": {
        "@sentry/apm": "5.12.4",
        "@sentry/core": "5.12.4",
        "@sentry/hub": "5.12.4",
        "@sentry/types": "5.12.4",
        "@sentry/utils": "5.12.4",
        "cookie": "^0.3.1",
        "https-proxy-agent": "^4.0.0",
        "lru_map": "^0.3.3",
        "tslib": "^1.9.3"
      }
    },
    "@sentry/types": {
      "version": "5.12.4",
      "resolved": "https://registry.npmjs.org/@sentry/types/-/types-5.12.4.tgz",
      "integrity": "sha512-JoN3YIp7Z+uxUZArj2B6NcEoXFQDhd0kqO0QpfiHZyg4Dhx2/E2aHuVx0H6Fndk+60iEZSECaCBXe2MOPo4fqA=="
    },
    "@sentry/utils": {
      "version": "5.12.4",
      "resolved": "https://registry.npmjs.org/@sentry/utils/-/utils-5.12.4.tgz",
      "integrity": "sha512-7ISjK+AH676NXtW5n2/MHxEPS0Y2cpIXqJppg7ReVvCFNKHGovKmK4d5yXcP+AoEJt84in3A8D5Y3BONdpjWHQ==",
      "requires": {
        "@sentry/types": "5.12.4",
        "tslib": "^1.9.3"
      }
    },
    "@uniswap/sdk": {
      "version": "3.0.3",
      "resolved": "https://registry.npmjs.org/@uniswap/sdk/-/sdk-3.0.3.tgz",
      "integrity": "sha512-t4s8bvzaCFSiqD2qfXIm3rWhbdnXp+QjD3/mRaeVDHK7zWevs6RGEb1ohMiNgOCTZANvBayb4j8p+XFdnMBadQ==",
      "requires": {
        "@uniswap/v2-core": "^1.0.0",
        "big.js": "^5.2.2",
        "decimal.js-light": "^2.5.0",
        "jsbi": "^3.1.1",
        "tiny-invariant": "^1.1.0",
        "tiny-warning": "^1.0.3",
        "toformat": "^2.0.0"
      }
    },
    "@uniswap/v2-core": {
      "version": "1.0.1",
      "resolved": "https://registry.npmjs.org/@uniswap/v2-core/-/v2-core-1.0.1.tgz",
      "integrity": "sha512-MtybtkUPSyysqLY2U210NBDeCHX+ltHt3oADGdjqoThZaFRDKwM6k1Nb3F0A3hk5hwuQvytFWhrWHOEq6nVJ8Q=="
    },
    "agent-base": {
      "version": "5.1.1",
      "resolved": "https://registry.npmjs.org/agent-base/-/agent-base-5.1.1.tgz",
      "integrity": "sha512-TMeqbNl2fMW0nMjTEPOwe3J/PRFP4vqeoNuQMG0HlMrtm5QxKqdvAkZ1pRBQ/ulIyDD5Yq0nJ7YbdD8ey0TO3g=="
    },
    "async-limiter": {
      "version": "1.0.1",
      "resolved": "https://registry.npmjs.org/async-limiter/-/async-limiter-1.0.1.tgz",
      "integrity": "sha512-csOlWGAcRFJaI6m+F2WKdnMKr4HhdhFVBk0H/QbJFMCr+uO2kwohwXQPxw/9OCxp05r5ghVBFSyioixx3gfkNQ=="
    },
    "atomic-sleep": {
      "version": "1.0.0",
      "resolved": "https://registry.npmjs.org/atomic-sleep/-/atomic-sleep-1.0.0.tgz",
      "integrity": "sha512-kNOjDqAh7px0XWNI+4QbzoiR/nTkHAWNud2uvnJquD1/x5a7EQZMJT0AczqK0Qn67oY/TTQ1LbUKajZpp3I9tQ=="
    },
    "axios": {
      "version": "0.19.2",
      "resolved": "https://registry.npmjs.org/axios/-/axios-0.19.2.tgz",
      "integrity": "sha512-fjgm5MvRHLhx+osE2xoekY70AhARk3a6hkN+3Io1jc00jtquGvxYlKlsFUhmUET0V5te6CcZI7lcv2Ym61mjHA==",
      "requires": {
        "follow-redirects": "1.5.10"
      }
    },
    "bech32": {
      "version": "1.1.4",
      "resolved": "https://registry.npmjs.org/bech32/-/bech32-1.1.4.tgz",
      "integrity": "sha512-s0IrSOzLlbvX7yp4WBfPITzpAU8sqQcpsmwXDiKwrG4r491vwCO/XpejasRNl0piBMe/DvP4Tz0mIS/X1DPJBQ=="
    },
    "big.js": {
      "version": "5.2.2",
      "resolved": "https://registry.npmjs.org/big.js/-/big.js-5.2.2.tgz",
      "integrity": "sha512-vyL2OymJxmarO8gxMr0mhChsO9QGwhynfuu4+MHTAW6czfq9humCB7rKpUjDd9YUiDPU4mzpyupFSvOClAwbmQ=="
    },
    "bn.js": {
      "version": "4.11.9",
      "resolved": "https://registry.npmjs.org/bn.js/-/bn.js-4.11.9.tgz",
      "integrity": "sha512-E6QoYqCKZfgatHTdHzs1RRKP7ip4vvm+EyRUeE2RF0NblwVvb0p6jSVeNTOFxPn26QXN2o6SMfNxKp6kU8zQaw=="
    },
    "brorand": {
      "version": "1.1.0",
      "resolved": "https://registry.npmjs.org/brorand/-/brorand-1.1.0.tgz",
      "integrity": "sha1-EsJe/kCkXjwyPrhnWgoM5XsiNx8="
    },
    "cookie": {
      "version": "0.3.1",
      "resolved": "https://registry.npmjs.org/cookie/-/cookie-0.3.1.tgz",
      "integrity": "sha1-5+Ch+e9DtMi6klxcWpboBtFoc7s="
    },
    "debug": {
      "version": "4.1.1",
      "resolved": "https://registry.npmjs.org/debug/-/debug-4.1.1.tgz",
      "integrity": "sha512-pYAIzeRo8J6KPEaJ0VWOh5Pzkbw/RetuzehGM7QRRX5he4fPHx2rdKMB256ehJCkX+XRQm16eZLqLNS8RSZXZw==",
      "requires": {
        "ms": "^2.1.1"
      }
    },
    "decimal.js-light": {
      "version": "2.5.1",
      "resolved": "https://registry.npmjs.org/decimal.js-light/-/decimal.js-light-2.5.1.tgz",
      "integrity": "sha512-qIMFpTMZmny+MMIitAB6D7iVPEorVw6YQRWkvarTkT4tBeSLLiHzcwj6q0MmYSFCiVpiqPJTJEYIrpcPzVEIvg=="
    },
    "discord.js": {
      "version": "11.5.1",
      "resolved": "https://registry.npmjs.org/discord.js/-/discord.js-11.5.1.tgz",
      "integrity": "sha512-tGhV5xaZXE3Z+4uXJb3hYM6gQ1NmnSxp9PClcsSAYFVRzH6AJH74040mO3afPDMWEAlj8XsoPXXTJHTxesqcGw==",
      "requires": {
        "long": "^4.0.0",
        "prism-media": "^0.0.3",
        "snekfetch": "^3.6.4",
        "tweetnacl": "^1.0.0",
        "ws": "^6.0.0"
      },
      "dependencies": {
        "ws": {
          "version": "6.2.2",
          "resolved": "https://registry.npmjs.org/ws/-/ws-6.2.2.tgz",
          "integrity": "sha512-zmhltoSR8u1cnDsD43TX59mzoMZsLKqUweyYBAIvTngR3shc0W6aOZylZmq/7hqyVxPdi+5Ud2QInblgyE72fw==",
          "requires": {
            "async-limiter": "~1.0.0"
          }
        }
      }
    },
    "dotenv": {
      "version": "8.2.0",
      "resolved": "https://registry.npmjs.org/dotenv/-/dotenv-8.2.0.tgz",
      "integrity": "sha512-8sJ78ElpbDJBHNeBzUbUVLsqKdccaa/BXF1uPTw3GrvQTBgrQrtObr2mUrE38vzYd8cEv+m/JBfDLioYcfXoaw=="
    },
    "elliptic": {
      "version": "6.5.3",
      "resolved": "https://registry.npmjs.org/elliptic/-/elliptic-6.5.3.tgz",
      "integrity": "sha512-IMqzv5wNQf+E6aHeIqATs0tOLeOTwj1QKbRcS3jBbYkl5oLAserA8yJTT7/VyHUYG91PRmPyeQDObKLPpeS4dw==",
      "requires": {
        "bn.js": "^4.4.0",
        "brorand": "^1.0.1",
        "hash.js": "^1.0.0",
        "hmac-drbg": "^1.0.0",
        "inherits": "^2.0.1",
        "minimalistic-assert": "^1.0.0",
        "minimalistic-crypto-utils": "^1.0.0"
      }
    },
    "entities": {
      "version": "2.1.0",
      "resolved": "https://registry.npmjs.org/entities/-/entities-2.1.0.tgz",
      "integrity": "sha512-hCx1oky9PFrJ611mf0ifBLBRW8lUUVRlFolb5gWRfIELabBlbp9xZvrqZLZAs+NxFnbfQoeGd8wDkygjg7U85w=="
    },
    "fast-redact": {
      "version": "3.0.0",
      "resolved": "https://registry.npmjs.org/fast-redact/-/fast-redact-3.0.0.tgz",
      "integrity": "sha512-a/S/Hp6aoIjx7EmugtzLqXmcNsyFszqbt6qQ99BdG61QjBZF6shNis0BYR6TsZOQ1twYc0FN2Xdhwwbv6+KD0w=="
    },
    "fast-safe-stringify": {
      "version": "2.0.7",
      "resolved": "https://registry.npmjs.org/fast-safe-stringify/-/fast-safe-stringify-2.0.7.tgz",
      "integrity": "sha512-Utm6CdzT+6xsDk2m8S6uL8VHxNwI6Jub+e9NYTcAms28T84pTa25GJQV9j0CY0N1rM8hK4x6grpF2BQf+2qwVA=="
    },
    "flatstr": {
      "version": "1.0.12",
      "resolved": "https://registry.npmjs.org/flatstr/-/flatstr-1.0.12.tgz",
      "integrity": "sha512-4zPxDyhCyiN2wIAtSLI6gc82/EjqZc1onI4Mz/l0pWrAlsSfYH/2ZIcU+e3oA2wDwbzIWNKwa23F8rh6+DRWkw=="
    },
    "follow-redirects": {
      "version": "1.5.10",
      "resolved": "https://registry.npmjs.org/follow-redirects/-/follow-redirects-1.5.10.tgz",
      "integrity": "sha512-0V5l4Cizzvqt5D44aTXbFZz+FtyXV1vrDN6qrelxtfYQKW0KO0W2T/hkE8xvGa/540LkZlkaUjO4ailYTFtHVQ==",
      "requires": {
        "debug": "=3.1.0"
      },
      "dependencies": {
        "debug": {
          "version": "3.1.0",
          "resolved": "https://registry.npmjs.org/debug/-/debug-3.1.0.tgz",
          "integrity": "sha512-OX8XqP7/1a9cqkxYw2yXss15f26NKWBpDXQd0/uK/KPqdQhxbPa994hnzjcE2VqQpDslf55723cKPUOGSmMY3g==",
          "requires": {
            "ms": "2.0.0"
          }
        },
        "ms": {
          "version": "2.0.0",
          "resolved": "https://registry.npmjs.org/ms/-/ms-2.0.0.tgz",
          "integrity": "sha1-VgiurfwAvmwpAd9fmGF4jeDVl8g="
        }
      }
    },
    "hash.js": {
      "version": "1.1.7",
      "resolved": "https://registry.npmjs.org/hash.js/-/hash.js-1.1.7.tgz",
      "integrity": "sha512-taOaskGt4z4SOANNseOviYDvjEJinIkRgmp7LbKP2YTTmVxWBl87s/uzK9r+44BclBSp2X7K1hqeNfz9JbBeXA==",
      "requires": {
        "inherits": "^2.0.3",
        "minimalistic-assert": "^1.0.1"
      }
    },
    "hmac-drbg": {
      "version": "1.0.1",
      "resolved": "https://registry.npmjs.org/hmac-drbg/-/hmac-drbg-1.0.1.tgz",
      "integrity": "sha1-0nRXAQJabHdabFRXk+1QL8DGSaE=",
      "requires": {
        "hash.js": "^1.0.3",
        "minimalistic-assert": "^1.0.0",
        "minimalistic-crypto-utils": "^1.0.1"
      }
    },
    "https-proxy-agent": {
      "version": "4.0.0",
      "resolved": "https://registry.npmjs.org/https-proxy-agent/-/https-proxy-agent-4.0.0.tgz",
      "integrity": "sha512-zoDhWrkR3of1l9QAL8/scJZyLu8j/gBkcwcaQOZh7Gyh/+uJQzGVETdgT30akuwkpL8HTRfssqI3BZuV18teDg==",
      "requires": {
        "agent-base": "5",
        "debug": "4"
      }
    },
    "inherits": {
      "version": "2.0.4",
      "resolved": "https://registry.npmjs.org/inherits/-/inherits-2.0.4.tgz",
      "integrity": "sha512-k/vGaX4/Yla3WzyMCvTQOXYeIHvqOKtnqBduzTHpzpQZzAskKMhZ2K+EnBiSM9zGSoIFeMpXKxa4dYeZIQqewQ=="
    },
    "js-sha3": {
      "version": "0.5.7",
      "resolved": "https://registry.npmjs.org/js-sha3/-/js-sha3-0.5.7.tgz",
      "integrity": "sha1-DU/9gALVMzqrr0oj7tL2N0yfKOc="
    },
    "jsbi": {
      "version": "3.1.4",
      "resolved": "https://registry.npmjs.org/jsbi/-/jsbi-3.1.4.tgz",
      "integrity": "sha512-52QRRFSsi9impURE8ZUbzAMCLjPm4THO7H2fcuIvaaeFTbSysvkodbQQXIVsNgq/ypDbq6dJiuGKL0vZ/i9hUg=="
    },
    "long": {
      "version": "4.0.0",
      "resolved": "https://registry.npmjs.org/long/-/long-4.0.0.tgz",
      "integrity": "sha512-XsP+KhQif4bjX1kbuSiySJFNAehNxgLb6hPRGJ9QsUr8ajHkuXGdrHmFUTUUXhDwVX2R5bY4JNZEwbUiMhV+MA=="
    },
    "lru_map": {
      "version": "0.3.3",
      "resolved": "https://registry.npmjs.org/lru_map/-/lru_map-0.3.3.tgz",
      "integrity": "sha1-tcg1G5Rky9dQM1p5ZQoOwOVhGN0="
    },
    "minimalistic-assert": {
      "version": "1.0.1",
      "resolved": "https://registry.npmjs.org/minimalistic-assert/-/minimalistic-assert-1.0.1.tgz",
      "integrity": "sha512-UtJcAD4yEaGtjPezWuO9wC4nwUnVH/8/Im3yEHQP4b67cXlD/Qr9hdITCU1xDbSEXg2XKNaP8jsReV7vQd00/A=="
    },
    "minimalistic-crypto-utils": {
      "version": "1.0.1",
      "resolved": "https://registry.npmjs.org/minimalistic-crypto-utils/-/minimalistic-crypto-utils-1.0.1.tgz",
      "integrity": "sha1-9sAMHAsIIkblxNmd+4x8CDsrWCo="
    },
    "moment": {
      "version": "2.29.1",
      "resolved": "https://registry.npmjs.org/moment/-/moment-2.29.1.tgz",
      "integrity": "sha512-kHmoybcPV8Sqy59DwNDY3Jefr64lK/by/da0ViFcuA4DH0vQg5Q6Ze5VimxkfQNSC+Mls/Kx53s7TjP1RhFEDQ=="
    },
    "ms": {
      "version": "2.1.2",
      "resolved": "https://registry.npmjs.org/ms/-/ms-2.1.2.tgz",
      "integrity": "sha512-sGkPx+VjMtmA6MX27oA4FBFELFCZZ4S4XqeGOXCv68tT+jb3vk/RyaKWP0PTKyWtmLSM0b+adUTEvbs1PEaH2w=="
    },
    "pino": {
      "version": "6.7.0",
      "resolved": "https://registry.npmjs.org/pino/-/pino-6.7.0.tgz",
      "integrity": "sha512-vPXJ4P9rWCwzlTJt+f0Ni4THc3DWyt8iDDCO4edQ8narTu6hnpzdXu8FqeSJCGndl1W6lfbYQUQihUO54y66Lw==",
      "requires": {
        "fast-redact": "^3.0.0",
        "fast-safe-stringify": "^2.0.7",
        "flatstr": "^1.0.12",
        "pino-std-serializers": "^2.4.2",
        "quick-format-unescaped": "^4.0.1",
        "sonic-boom": "^1.0.2"
      }
    },
    "pino-std-serializers": {
      "version": "2.5.0",
      "resolved": "https://registry.npmjs.org/pino-std-serializers/-/pino-std-serializers-2.5.0.tgz",
      "integrity": "sha512-wXqbqSrIhE58TdrxxlfLwU9eDhrzppQDvGhBEr1gYbzzM4KKo3Y63gSjiDXRKLVS2UOXdPNR2v+KnQgNrs+xUg=="
    },
    "prism-media": {
      "version": "0.0.3",
      "resolved": "https://registry.npmjs.org/prism-media/-/prism-media-0.0.3.tgz",
      "integrity": "sha512-c9KkNifSMU/iXT8FFTaBwBMr+rdVcN+H/uNv1o+CuFeTThNZNTOrQ+RgXA1yL/DeLk098duAeRPP3QNPNbhxYQ=="
    },
    "quick-format-unescaped": {
      "version": "4.0.1",
      "resolved": "https://registry.npmjs.org/quick-format-unescaped/-/quick-format-unescaped-4.0.1.tgz",
      "integrity": "sha512-RyYpQ6Q5/drsJyOhrWHYMWTedvjTIat+FTwv0K4yoUxzvekw2aRHMQJLlnvt8UantkZg2++bEzD9EdxXqkWf4A=="
    },
    "rss-parser": {
      "version": "3.9.0",
      "resolved": "https://registry.npmjs.org/rss-parser/-/rss-parser-3.9.0.tgz",
      "integrity": "sha512-wlRSfGrotOXuWo19Dtl2KmQt7o9i5zzCExUrxpechE0O54BAx7JD+xhWyGumPPqiJj771ndflV3sE3bTHen0HQ==",
      "requires": {
        "entities": "^2.0.3",
        "xml2js": "^0.4.19"
      }
    },
    "sax": {
      "version": "1.2.4",
      "resolved": "https://registry.npmjs.org/sax/-/sax-1.2.4.tgz",
      "integrity": "sha512-NqVDv9TpANUjFm0N8uM5GxL36UgKi9/atZw+x7YFnQ8ckwFGKrl4xX4yWtrey3UJm5nP1kUbnYgLopqWNSRhWw=="
    },
    "snekfetch": {
      "version": "3.6.4",
      "resolved": "https://registry.npmjs.org/snekfetch/-/snekfetch-3.6.4.tgz",
      "integrity": "sha512-NjxjITIj04Ffqid5lqr7XdgwM7X61c/Dns073Ly170bPQHLm6jkmelye/eglS++1nfTWktpP6Y2bFXjdPlQqdw=="
    },
    "sonic-boom": {
      "version": "1.3.0",
      "resolved": "https://registry.npmjs.org/sonic-boom/-/sonic-boom-1.3.0.tgz",
      "integrity": "sha512-4nX6OYvOYr6R76xfQKi6cZpTO3YSWe/vd+QdIfoH0lBy0MnPkeAbb2rRWgmgADkXUeCKPwO1FZAKlAVWAadELw==",
      "requires": {
        "atomic-sleep": "^1.0.0",
        "flatstr": "^1.0.12"
      }
    },
    "tiny-invariant": {
      "version": "1.1.0",
      "resolved": "https://registry.npmjs.org/tiny-invariant/-/tiny-invariant-1.1.0.tgz",
      "integrity": "sha512-ytxQvrb1cPc9WBEI/HSeYYoGD0kWnGEOR8RY6KomWLBVhqz0RgTwVO9dLrGz7dC+nN9llyI7OKAgRq8Vq4ZBSw=="
    },
    "tiny-warning": {
      "version": "1.0.3",
      "resolved": "https://registry.npmjs.org/tiny-warning/-/tiny-warning-1.0.3.tgz",
      "integrity": "sha512-lBN9zLN/oAf68o3zNXYrdCt1kP8WsiGW8Oo2ka41b2IM5JL/S1CTyX1rW0mb/zSuJun0ZUrDxx4sqvYS2FWzPA=="
    },
    "toformat": {
      "version": "2.0.0",
      "resolved": "https://registry.npmjs.org/toformat/-/toformat-2.0.0.tgz",
      "integrity": "sha512-03SWBVop6nU8bpyZCx7SodpYznbZF5R4ljwNLBcTQzKOD9xuihRo/psX58llS1BMFhhAI08H3luot5GoXJz2pQ=="
    },
    "tslib": {
      "version": "1.11.0",
      "resolved": "https://registry.npmjs.org/tslib/-/tslib-1.11.0.tgz",
      "integrity": "sha512-BmndXUtiTn/VDDrJzQE7Mm22Ix3PxgLltW9bSNLoeCY31gnG2OPx0QqJnuc9oMIKioYrz487i6K9o4Pdn0j+Kg=="
    },
    "tweetnacl": {
      "version": "1.0.3",
      "resolved": "https://registry.npmjs.org/tweetnacl/-/tweetnacl-1.0.3.tgz",
      "integrity": "sha512-6rt+RN7aOi1nGMyC4Xa5DdYiukl2UWCbcJft7YhxReBGQD7OAM8Pbxw6YMo4r2diNEA8FEmu32YOn9rhaiE5yw=="
    },
    "ws": {
      "version": "7.2.3",
      "resolved": "https://registry.npmjs.org/ws/-/ws-7.2.3.tgz",
      "integrity": "sha512-HTDl9G9hbkNDk98naoR/cHDws7+EyYMOdL1BmjsZXRUjf7d+MficC4B7HLUPlSiho0vg+CWKrGIt/VJBd1xunQ=="
    },
    "xml2js": {
      "version": "0.4.23",
      "resolved": "https://registry.npmjs.org/xml2js/-/xml2js-0.4.23.tgz",
      "integrity": "sha512-ySPiMjM0+pLDftHgXY4By0uswI3SPKLDw/i3UXbnO8M/p28zqexCUoPmQFrYD+/1BzhGJSs2i1ERWKJAtiLrug==",
      "requires": {
        "sax": ">=0.6.0",
        "xmlbuilder": "~11.0.0"
      }
    },
    "xmlbuilder": {
      "version": "11.0.1",
      "resolved": "https://registry.npmjs.org/xmlbuilder/-/xmlbuilder-11.0.1.tgz",
      "integrity": "sha512-fDlsI/kFEx7gLvbecc0/ohLG50fugQp8ryHzMTuW9vSa1GJ0XYWKnhsUx7oie3G98+r56aTQIUB4kht42R3JvA=="
    }
  }
}
